{
  "name": "linkion",
  "version": "0.0.1",
  "lockfileVersion": 3,
  "requires": true,
  "packages": {
    "": {
      "name": "linkion",
      "version": "0.0.1",
      "license": "ISC",
      "dependencies": {
        "@alpinejs/anchor": "^3.15.3",
        "@alpinejs/collapse": "^3.15.3",
        "@alpinejs/focus": "^3.15.3",
        "@alpinejs/intersect": "^3.15.3",
        "@alpinejs/mask": "^3.15.3",
        "@alpinejs/morph": "^3.15.3",
        "@alpinejs/persist": "^3.15.3",
        "@alpinejs/resize": "^3.15.3",
        "@alpinejs/sort": "^3.15.3",
        "alpinejs": "^3.15.0"
      }
    },
    "node_modules/@alpinejs/anchor": {
      "version": "3.15.3",
      "resolved": "https://registry.npmjs.org/@alpinejs/anchor/-/anchor-3.15.3.tgz",
      "integrity": "sha512-yBEcIhZhliXI/Vs/SZfBXhxVaCBDYKXqIR3XSIDHW0OKVi8p1Bn4qxs+rX0Gi/sjqVgM2HD1zhGGU2O1faF5jA==",
      "license": "MIT"
    },
    "node_modules/@alpinejs/collapse": {
      "version": "3.15.3",
      "resolved": "https://registry.npmjs.org/@alpinejs/collapse/-/collapse-3.15.3.tgz",
      "integrity": "sha512-nheS20BsFY1Eh1nyW0YNs7RMOiO/LipCTltEplbWunTcgdCeZtD7YPUim5xtbhc+0nJP4SkR7G0axRXaRf4m1g==",
      "license": "MIT"
    },
    "node_modules/@alpinejs/focus": {
      "version": "3.15.3",
      "resolved": "https://registry.npmjs.org/@alpinejs/focus/-/focus-3.15.3.tgz",
      "integrity": "sha512-cgbQaFUUMBKurVpsYMpitvVncG4GOTRKyTF6PC7P2x8AXWrc8vUj3vtvP3ClA4ty3AkxSqoC49V/LxOS7dVXog==",
      "license": "MIT",
      "dependencies": {
        "focus-trap": "^6.9.4",
        "tabbable": "^5.3.3"
      }
    },
    "node_modules/@alpinejs/intersect": {
      "version": "3.15.3",
      "resolved": "https://registry.npmjs.org/@alpinejs/intersect/-/intersect-3.15.3.tgz",
      "integrity": "sha512-xzlI03dA+q83tOJHANPz+tobe8Um8wG2rmslTpolbRCrSRnwknvja++YDprn4jZZ9lFgUZz4TKUd7XOrdbvRYA==",
      "license": "MIT"
    },
    "node_modules/@alpinejs/mask": {
      "version": "3.15.3",
      "resolved": "https://registry.npmjs.org/@alpinejs/mask/-/mask-3.15.3.tgz",
      "integrity": "sha512-1hpI+KwKwV16RQhDQYCp6k78cEoTXrT9o6FmQk9IM7XkFWkDJu1CRRuaACLn2jkORO2jK2s+H0SHmmwhepEi7w==",
      "license": "MIT"
    },
    "node_modules/@alpinejs/morph": {
      "version": "3.15.3",
      "resolved": "https://registry.npmjs.org/@alpinejs/morph/-/morph-3.15.3.tgz",
      "integrity": "sha512-mt8JZGy/Kf65Jft3uupuvgL0MBmdkGCfoNEqasEHBn5jHok8aGvKt89io9ONrVeZj8QUHV3EF/bGinvwDQzMJw==",
      "license": "MIT"
    },
    "node_modules/@alpinejs/persist": {
      "version": "3.15.3",
      "resolved": "https://registry.npmjs.org/@alpinejs/persist/-/persist-3.15.3.tgz",
      "integrity": "sha512-QOxhNhZxOEKIawGt7WqdFl4Z9V2k0EN006Iwqq+HCI21WSB8fwVxfaL1ICnOPhtg0OwW4zG6/nMvzA4gLFS92A==",
      "license": "MIT"
    },
    "node_modules/@alpinejs/resize": {
      "version": "3.15.3",
      "resolved": "https://registry.npmjs.org/@alpinejs/resize/-/resize-3.15.3.tgz",
      "integrity": "sha512-5nJlSblry3m68tcBidUHqmUIcQxt24lhxucJetQOOC+6/KTjBIjnkURRcvH1I+q500feZQQtsjM/+sxGNaaTew==",
      "license": "MIT"
    },
    "node_modules/@alpinejs/sort": {
      "version": "3.15.3",
      "resolved": "https://registry.npmjs.org/@alpinejs/sort/-/sort-3.15.3.tgz",
      "integrity": "sha512-IZ4Dtl3EdkCBsoVsDtZNgyq+g5qr1dzVsyuXtxTv+OWjMXvgEfCfw4nz1eSPMKrK/nawMG6qFiw8Uv8J1ld//g==",
      "license": "MIT"
    },
    "node_modules/@vue/reactivity": {
      "version": "3.1.5",
      "resolved": "https://registry.npmjs.org/@vue/reactivity/-/reactivity-3.1.5.tgz",
      "integrity": "sha512-1tdfLmNjWG6t/CsPldh+foumYFo3cpyCHgBYQ34ylaMsJ+SNHQ1kApMIa8jN+i593zQuaw3AdWH0nJTARzCFhg==",
      "license": "MIT",
      "dependencies": {
        "@vue/shared": "3.1.5"
      }
    },
    "node_modules/@vue/shared": {
      "version": "3.1.5",
      "resolved": "https://registry.npmjs.org/@vue/shared/-/shared-3.1.5.tgz",
      "integrity": "sha512-oJ4F3TnvpXaQwZJNF3ZK+kLPHKarDmJjJ6jyzVNDKH9md1dptjC7lWR//jrGuLdek/U6iltWxqAnYOu8gCiOvA==",
      "license": "MIT"
    },
    "node_modules/alpinejs": {
      "version": "3.15.0",
      "resolved": "https://registry.npmjs.org/alpinejs/-/alpinejs-3.15.0.tgz",
      "integrity": "sha512-lpokA5okCF1BKh10LG8YjqhfpxyHBk4gE7boIgVHltJzYoM7O9nK3M7VlntLEJGsVmu7U/RzUWajmHREGT38Eg==",
      "license": "MIT",
      "dependencies": {
        "@vue/reactivity": "~3.1.1"
      }
    },
    "node_modules/focus-trap": {
      "version": "6.9.4",
      "resolved": "https://registry.npmjs.org/focus-trap/-/focus-trap-6.9.4.tgz",
      "integrity": "sha512-v2NTsZe2FF59Y+sDykKY+XjqZ0cPfhq/hikWVL88BqLivnNiEffAsac6rP6H45ff9wG9LL5ToiDqrLEP9GX9mw==",
      "license": "MIT",
      "dependencies": {
        "tabbable": "^5.3.3"
      }
    },
    "node_modules/tabbable": {
      "version": "5.3.3",
      "resolved": "https://registry.npmjs.org/tabbable/-/tabbable-5.3.3.tgz",
      "integrity": "sha512-QD9qKY3StfbZqWOPLp0++pOrAVb/HbUi5xCc8cUo4XjP19808oaMiDzn0leBY5mCespIBM0CIZePzZjgzR83kA==",
      "license": "MIT"
    }
  }
}
